
Microsoft Visual Studio Solution File, Format Version 12.00
# Visual Studio Version 17
VisualStudioVersion = 17.14.36603.0
MinimumVisualStudioVersion = 10.0.40219.1
Project("{FAE04EC0-301F-11D3-BF4B-00C04F79EFBC}") = "ROTF.Api", "ROTF.Api\ROTF.Api.csproj", "{5A1953F6-78B8-4667-B4C8-125BA08A8A05}"
EndProject
Project("{FAE04EC0-301F-11D3-BF4B-00C04F79EFBC}") = "ApiGateway", "ApiGateway\ApiGateway.csproj", "{C707163F-4417-434F-8A36-69360FF55042}"
EndProject
Project("{2150E333-8FDC-42A3-9474-1A3956D46DE8}") = "Элементы решения", "Элементы решения", "{754FC069-D67B-A9D7-50A1-8D1CA196D8F1}"
	ProjectSection(SolutionItems) = preProject
		ReadMe.md = ReadMe.md
	EndProjectSection
EndProject
Global
	GlobalSection(SolutionConfigurationPlatforms) = preSolution
		Debug|Any CPU = Debug|Any CPU
		Release|Any CPU = Release|Any CPU
	EndGlobalSection
	GlobalSection(ProjectConfigurationPlatforms) = postSolution
		{5A1953F6-78B8-4667-B4C8-125BA08A8A05}.Debug|Any CPU.ActiveCfg = Debug|Any CPU
		{5A1953F6-78B8-4667-B4C8-125BA08A8A05}.Debug|Any CPU.Build.0 = Debug|Any CPU
		{5A1953F6-78B8-4667-B4C8-125BA08A8A05}.Release|Any CPU.ActiveCfg = Release|Any CPU
		{5A1953F6-78B8-4667-B4C8-125BA08A8A05}.Release|Any CPU.Build.0 = Release|Any CPU
		{C707163F-4417-434F-8A36-69360FF55042}.Debug|Any CPU.ActiveCfg = Debug|Any CPU
		{C707163F-4417-434F-8A36-69360FF55042}.Debug|Any CPU.Build.0 = Debug|Any CPU
		{C707163F-4417-434F-8A36-69360FF55042}.Release|Any CPU.ActiveCfg = Release|Any CPU
		{C707163F-4417-434F-8A36-69360FF55042}.Release|Any CPU.Build.0 = Release|Any CPU
	EndGlobalSection
	GlobalSection(SolutionProperties) = preSolution
		HideSolutionNode = FALSE
	EndGlobalSection
	GlobalSection(ExtensibilityGlobals) = postSolution
		SolutionGuid = {AAC55693-ADF4-481D-892A-A55A3542B407}
	EndGlobalSection
EndGlobal
